
Microsoft Visual Studio Solution File, Format Version 12.00
# Visual Studio Version 16
VisualStudioVersion = 16.0.30011.22
MinimumVisualStudioVersion = 10.0.40219.1
Project("{8BC9CEB8-8B4A-11D0-8D11-00A0C91BC942}") = "cap2", "cap2\cap2.vcxproj", "{F41D16A7-F8CD-4DBF-BE63-85A4AAF197A1}"
EndProject
Global
	GlobalSection(SolutionConfigurationPlatforms) = preSolution
		Debug|x64 = Debug|x64
		Debug|x86 = Debug|x86
		Release|x64 = Release|x64
		Release|x86 = Release|x86
	EndGlobalSection
	GlobalSection(ProjectConfigurationPlatforms) = postSolution
		{F41D16A7-F8CD-4DBF-BE63-85A4AAF197A1}.Debug|x64.ActiveCfg = Debug|x64
		{F41D16A7-F8CD-4DBF-BE63-85A4AAF197A1}.Debug|x64.Build.0 = Debug|x64
		{F41D16A7-F8CD-4DBF-BE63-85A4AAF197A1}.Debug|x86.ActiveCfg = Debug|Win32
		{F41D16A7-F8CD-4DBF-BE63-85A4AAF197A1}.Debug|x86.Build.0 = Debug|Win32
		{F41D16A7-F8CD-4DBF-BE63-85A4AAF197A1}.Release|x64.ActiveCfg = Release|x64
		{F41D16A7-F8CD-4DBF-BE63-85A4AAF197A1}.Release|x64.Build.0 = Release|x64
		{F41D16A7-F8CD-4DBF-BE63-85A4AAF197A1}.Release|x86.ActiveCfg = Release|Win32
		{F41D16A7-F8CD-4DBF-BE63-85A4AAF197A1}.Release|x86.Build.0 = Release|Win32
	EndGlobalSection
	GlobalSection(SolutionProperties) = preSolution
		HideSolutionNode = FALSE
	EndGlobalSection
	GlobalSection(ExtensibilityGlobals) = postSolution
		SolutionGuid = {2D6BFC38-FADB-4567-8413-C0B8E4F5C6C2}
	EndGlobalSection
EndGlobal
